
Microsoft Visual Studio Solution File, Format Version 12.00
# Visual Studio Version 17
VisualStudioVersion = 17.14.36518.9
MinimumVisualStudioVersion = 10.0.40219.1
Project("{FAE04EC0-301F-11D3-BF4B-00C04F79EFBC}") = "Api.W.Movies.Backend", "Api.W.Movies.Backend\Api.W.Movies.Backend.csproj", "{27FD79D1-FB74-4764-BA96-EC40FEB90B28}"
EndProject
Global
	GlobalSection(SolutionConfigurationPlatforms) = preSolution
		Debug|Any CPU = Debug|Any CPU
		Release|Any CPU = Release|Any CPU
	EndGlobalSection
	GlobalSection(ProjectConfigurationPlatforms) = postSolution
		{27FD79D1-FB74-4764-BA96-EC40FEB90B28}.Debug|Any CPU.ActiveCfg = Debug|Any CPU
		{27FD79D1-FB74-4764-BA96-EC40FEB90B28}.Debug|Any CPU.Build.0 = Debug|Any CPU
		{27FD79D1-FB74-4764-BA96-EC40FEB90B28}.Release|Any CPU.ActiveCfg = Release|Any CPU
		{27FD79D1-FB74-4764-BA96-EC40FEB90B28}.Release|Any CPU.Build.0 = Release|Any CPU
	EndGlobalSection
	GlobalSection(SolutionProperties) = preSolution
		HideSolutionNode = FALSE
	EndGlobalSection
	GlobalSection(ExtensibilityGlobals) = postSolution
		SolutionGuid = {AB337B89-1BF6-4631-A6E0-B95904DC234D}
	EndGlobalSection
EndGlobal
